// !$*UTF8*$!
{
	archiveVersion = 1;
	classes = {
	};
	objectVersion = 56;
	objects = {

/* Begin PBXBuildFile section */
		AF9B63BB2BC6D92F001209BA /* MessagingFBApp.swift in Sources */ = {isa = PBXBuildFile; fileRef = AF9B63BA2BC6D92F001209BA /* MessagingFBApp.swift */; };
		AF9B63BF2BC6D931001209BA /* Assets.xcassets in Resources */ = {isa = PBXBuildFile; fileRef = AF9B63BE2BC6D931001209BA /* Assets.xcassets */; };
		AF9B63C22BC6D931001209BA /* Preview Assets.xcassets in Resources */ = {isa = PBXBuildFile; fileRef = AF9B63C12BC6D931001209BA /* Preview Assets.xcassets */; };
		AF9B63C92BC6DB03001209BA /* LoginView.swift in Sources */ = {isa = PBXBuildFile; fileRef = AF9B63C82BC6DB03001209BA /* LoginView.swift */; };
		AF9B63CC2BC6DC8C001209BA /* FirebaseAuth in Frameworks */ = {isa = PBXBuildFile; productRef = AF9B63CB2BC6DC8C001209BA /* FirebaseAuth */; };
		AF9B63CE2BC6DC8C001209BA /* FirebaseFirestore in Frameworks */ = {isa = PBXBuildFile; productRef = AF9B63CD2BC6DC8C001209BA /* FirebaseFirestore */; };
		AF9B63D02BC6DC8C001209BA /* FirebaseStorage in Frameworks */ = {isa = PBXBuildFile; productRef = AF9B63CF2BC6DC8C001209BA /* FirebaseStorage */; };
		AF9B63D22BC6EB7D001209BA /* GoogleService-Info.plist in Resources */ = {isa = PBXBuildFile; fileRef = AF9B63D12BC6EB7D001209BA /* GoogleService-Info.plist */; };
		AF9B63D42BC6EFE2001209BA /* ImagePicker.swift in Sources */ = {isa = PBXBuildFile; fileRef = AF9B63D32BC6EFE2001209BA /* ImagePicker.swift */; };
		AF9B63D62BC6F6B5001209BA /* MainMessagesView.swift in Sources */ = {isa = PBXBuildFile; fileRef = AF9B63D52BC6F6B5001209BA /* MainMessagesView.swift */; };
		AF9B63D92BC6F908001209BA /* FirebaseManager.swift in Sources */ = {isa = PBXBuildFile; fileRef = AF9B63D82BC6F908001209BA /* FirebaseManager.swift */; };
		AF9B63DC2BC6FDE9001209BA /* SDWebImageSwiftUI in Frameworks */ = {isa = PBXBuildFile; productRef = AF9B63DB2BC6FDE9001209BA /* SDWebImageSwiftUI */; };
/* End PBXBuildFile section */

/* Begin PBXFileReference section */
		AF9B63B72BC6D92F001209BA /* MessagingFB.app */ = {isa = PBXFileReference; explicitFileType = wrapper.application; includeInIndex = 0; path = MessagingFB.app; sourceTree = BUILT_PRODUCTS_DIR; };
		AF9B63BA2BC6D92F001209BA /* MessagingFBApp.swift */ = {isa = PBXFileReference; lastKnownFileType = sourcecode.swift; path = MessagingFBApp.swift; sourceTree = "<group>"; };
		AF9B63BE2BC6D931001209BA /* Assets.xcassets */ = {isa = PBXFileReference; lastKnownFileType = folder.assetcatalog; path = Assets.xcassets; sourceTree = "<group>"; };
		AF9B63C12BC6D931001209BA /* Preview Assets.xcassets */ = {isa = PBXFileReference; lastKnownFileType = folder.assetcatalog; path = "Preview Assets.xcassets"; sourceTree = "<group>"; };
		AF9B63C82BC6DB03001209BA /* LoginView.swift */ = {isa = PBXFileReference; lastKnownFileType = sourcecode.swift; path = LoginView.swift; sourceTree = "<group>"; };
		AF9B63D12BC6EB7D001209BA /* GoogleService-Info.plist */ = {isa = PBXFileReference; fileEncoding = 4; lastKnownFileType = text.plist.xml; path = "GoogleService-Info.plist"; sourceTree = "<group>"; };
		AF9B63D32BC6EFE2001209BA /* ImagePicker.swift */ = {isa = PBXFileReference; lastKnownFileType = sourcecode.swift; path = ImagePicker.swift; sourceTree = "<group>"; };
		AF9B63D52BC6F6B5001209BA /* MainMessagesView.swift */ = {isa = PBXFileReference; lastKnownFileType = sourcecode.swift; path = MainMessagesView.swift; sourceTree = "<group>"; };
		AF9B63D82BC6F908001209BA /* FirebaseManager.swift */ = {isa = PBXFileReference; lastKnownFileType = sourcecode.swift; path = FirebaseManager.swift; sourceTree = "<group>"; };
/* End PBXFileReference section */

/* Begin PBXFrameworksBuildPhase section */
		AF9B63B42BC6D92F001209BA /* Frameworks */ = {
			isa = PBXFrameworksBuildPhase;
			buildActionMask = 2147483647;
			files = (
				AF9B63DC2BC6FDE9001209BA /* SDWebImageSwiftUI in Frameworks */,
				AF9B63CC2BC6DC8C001209BA /* FirebaseAuth in Frameworks */,
				AF9B63CE2BC6DC8C001209BA /* FirebaseFirestore in Frameworks */,
				AF9B63D02BC6DC8C001209BA /* FirebaseStorage in Frameworks */,
			);
			runOnlyForDeploymentPostprocessing = 0;
		};
/* End PBXFrameworksBuildPhase section */

/* Begin PBXGroup section */
		AF9B63AE2BC6D92F001209BA = {
			isa = PBXGroup;
			children = (
				AF9B63D72BC6F8F7001209BA /* Utils */,
				AF9B63B92BC6D92F001209BA /* MessagingFB */,
				AF9B63B82BC6D92F001209BA /* Products */,
			);
			sourceTree = "<group>";
		};
		AF9B63B82BC6D92F001209BA /* Products */ = {
			isa = PBXGroup;
			children = (
				AF9B63B72BC6D92F001209BA /* MessagingFB.app */,
			);
			name = Products;
			sourceTree = "<group>";
		};
		AF9B63B92BC6D92F001209BA /* MessagingFB */ = {
			isa = PBXGroup;
			children = (
				AF9B63BA2BC6D92F001209BA /* MessagingFBApp.swift */,
				AF9B63C82BC6DB03001209BA /* LoginView.swift */,
				AF9B63BE2BC6D931001209BA /* Assets.xcassets */,
				AF9B63D12BC6EB7D001209BA /* GoogleService-Info.plist */,
				AF9B63C02BC6D931001209BA /* Preview Content */,
				AF9B63D32BC6EFE2001209BA /* ImagePicker.swift */,
				AF9B63D52BC6F6B5001209BA /* MainMessagesView.swift */,
			);
			path = MessagingFB;
			sourceTree = "<group>";
		};
		AF9B63C02BC6D931001209BA /* Preview Content */ = {
			isa = PBXGroup;
			children = (
				AF9B63C12BC6D931001209BA /* Preview Assets.xcassets */,
			);
			path = "Preview Content";
			sourceTree = "<group>";
		};
		AF9B63D72BC6F8F7001209BA /* Utils */ = {
			isa = PBXGroup;
			children = (
				AF9B63D82BC6F908001209BA /* FirebaseManager.swift */,
			);
			path = Utils;
			sourceTree = "<group>";
		};
/* End PBXGroup section */

/* Begin PBXNativeTarget section */
		AF9B63B62BC6D92F001209BA /* MessagingFB */ = {
			isa = PBXNativeTarget;
			buildConfigurationList = AF9B63C52BC6D931001209BA /* Build configuration list for PBXNativeTarget "MessagingFB" */;
			buildPhases = (
				AF9B63B32BC6D92F001209BA /* Sources */,
				AF9B63B42BC6D92F001209BA /* Frameworks */,
				AF9B63B52BC6D92F001209BA /* Resources */,
			);
			buildRules = (
			);
			dependencies = (
			);
			name = MessagingFB;
			packageProductDependencies = (
				AF9B63CB2BC6DC8C001209BA /* FirebaseAuth */,
				AF9B63CD2BC6DC8C001209BA /* FirebaseFirestore */,
				AF9B63CF2BC6DC8C001209BA /* FirebaseStorage */,
				AF9B63DB2BC6FDE9001209BA /* SDWebImageSwiftUI */,
			);
			productName = MessagingFB;
			productReference = AF9B63B72BC6D92F001209BA /* MessagingFB.app */;
			productType = "com.apple.product-type.application";
		};
/* End PBXNativeTarget section */

/* Begin PBXProject section */
		AF9B63AF2BC6D92F001209BA /* Project object */ = {
			isa = PBXProject;
			attributes = {
				BuildIndependentTargetsInParallel = 1;
				LastSwiftUpdateCheck = 1530;
				LastUpgradeCheck = 1530;
				TargetAttributes = {
					AF9B63B62BC6D92F001209BA = {
						CreatedOnToolsVersion = 15.3;
					};
				};
			};
			buildConfigurationList = AF9B63B22BC6D92F001209BA /* Build configuration list for PBXProject "MessagingFB" */;
			compatibilityVersion = "Xcode 14.0";
			developmentRegion = en;
			hasScannedForEncodings = 0;
			knownRegions = (
				en,
				Base,
			);
			mainGroup = AF9B63AE2BC6D92F001209BA;
			packageReferences = (
				AF9B63CA2BC6DC8C001209BA /* XCRemoteSwiftPackageReference "firebase-ios-sdk" */,
				AF9B63DA2BC6FDE9001209BA /* XCRemoteSwiftPackageReference "SDWebImageSwiftUI" */,
			);
			productRefGroup = AF9B63B82BC6D92F001209BA /* Products */;
			projectDirPath = "";
			projectRoot = "";
			targets = (
				AF9B63B62BC6D92F001209BA /* MessagingFB */,
			);
		};
/* End PBXProject section */

/* Begin PBXResourcesBuildPhase section */
		AF9B63B52BC6D92F001209BA /* Resources */ = {
			isa = PBXResourcesBuildPhase;
			buildActionMask = 2147483647;
			files = (
				AF9B63C22BC6D931001209BA /* Preview Assets.xcassets in Resources */,
				AF9B63D22BC6EB7D001209BA /* GoogleService-Info.plist in Resources */,
				AF9B63BF2BC6D931001209BA /* Assets.xcassets in Resources */,
			);
			runOnlyForDeploymentPostprocessing = 0;
		};
/* End PBXResourcesBuildPhase section */

/* Begin PBXSourcesBuildPhase section */
		AF9B63B32BC6D92F001209BA /* Sources */ = {
			isa = PBXSourcesBuildPhase;
			buildActionMask = 2147483647;
			files = (
				AF9B63D42BC6EFE2001209BA /* ImagePicker.swift in Sources */,
				AF9B63D62BC6F6B5001209BA /* MainMessagesView.swift in Sources */,
				AF9B63D92BC6F908001209BA /* FirebaseManager.swift in Sources */,
				AF9B63C92BC6DB03001209BA /* LoginView.swift in Sources */,
				AF9B63BB2BC6D92F001209BA /* MessagingFBApp.swift in Sources */,
			);
			runOnlyForDeploymentPostprocessing = 0;
		};
/* End PBXSourcesBuildPhase section */

/* Begin XCBuildConfiguration section */
		AF9B63C32BC6D931001209BA /* Debug */ = {
			isa = XCBuildConfiguration;
			buildSettings = {
				ALWAYS_SEARCH_USER_PATHS = NO;
				ASSETCATALOG_COMPILER_GENERATE_SWIFT_ASSET_SYMBOL_EXTENSIONS = YES;
				CLANG_ANALYZER_NONNULL = YES;
				CLANG_ANALYZER_NUMBER_OBJECT_CONVERSION = YES_AGGRESSIVE;
				CLANG_CXX_LANGUAGE_STANDARD = "gnu++20";
				CLANG_ENABLE_MODULES = YES;
				CLANG_ENABLE_OBJC_ARC = YES;
				CLANG_ENABLE_OBJC_WEAK = YES;
				CLANG_WARN_BLOCK_CAPTURE_AUTORELEASING = YES;
				CLANG_WARN_BOOL_CONVERSION = YES;
				CLANG_WARN_COMMA = YES;
				CLANG_WARN_CONSTANT_CONVERSION = YES;
				CLANG_WARN_DEPRECATED_OBJC_IMPLEMENTATIONS = YES;
				CLANG_WARN_DIRECT_OBJC_ISA_USAGE = YES_ERROR;
				CLANG_WARN_DOCUMENTATION_COMMENTS = YES;
				CLANG_WARN_EMPTY_BODY = YES;
				CLANG_WARN_ENUM_CONVERSION = YES;
				CLANG_WARN_INFINITE_RECURSION = YES;
				CLANG_WARN_INT_CONVERSION = YES;
				CLANG_WARN_NON_LITERAL_NULL_CONVERSION = YES;
				CLANG_WARN_OBJC_IMPLICIT_RETAIN_SELF = YES;
				CLANG_WARN_OBJC_LITERAL_CONVERSION = YES;
				CLANG_WARN_OBJC_ROOT_CLASS = YES_ERROR;
				CLANG_WARN_QUOTED_INCLUDE_IN_FRAMEWORK_HEADER = YES;
				CLANG_WARN_RANGE_LOOP_ANALYSIS = YES;
				CLANG_WARN_STRICT_PROTOTYPES = YES;
				CLANG_WARN_SUSPICIOUS_MOVE = YES;
				CLANG_WARN_UNGUARDED_AVAILABILITY = YES_AGGRESSIVE;
				CLANG_WARN_UNREACHABLE_CODE = YES;
				CLANG_WARN__DUPLICATE_METHOD_MATCH = YES;
				COPY_PHASE_STRIP = NO;
				DEBUG_INFORMATION_FORMAT = dwarf;
				ENABLE_STRICT_OBJC_MSGSEND = YES;
				ENABLE_TESTABILITY = YES;
				ENABLE_USER_SCRIPT_SANDBOXING = YES;
				GCC_C_LANGUAGE_STANDARD = gnu17;
				GCC_DYNAMIC_NO_PIC = NO;
				GCC_NO_COMMON_BLOCKS = YES;
				GCC_OPTIMIZATION_LEVEL = 0;
				GCC_PREPROCESSOR_DEFINITIONS = (
					"DEBUG=1",
					"$(inherited)",
				);
				GCC_WARN_64_TO_32_BIT_CONVERSION = YES;
				GCC_WARN_ABOUT_RETURN_TYPE = YES_ERROR;
				GCC_WARN_UNDECLARED_SELECTOR = YES;
				GCC_WARN_UNINITIALIZED_AUTOS = YES_AGGRESSIVE;
				GCC_WARN_UNUSED_FUNCTION = YES;
				GCC_WARN_UNUSED_VARIABLE = YES;
				IPHONEOS_DEPLOYMENT_TARGET = 17.4;
				LOCALIZATION_PREFERS_STRING_CATALOGS = YES;
				MTL_ENABLE_DEBUG_INFO = INCLUDE_SOURCE;
				MTL_FAST_MATH = YES;
				ONLY_ACTIVE_ARCH = YES;
				SDKROOT = iphoneos;
				SWIFT_ACTIVE_COMPILATION_CONDITIONS = "DEBUG $(inherited)";
				SWIFT_OPTIMIZATION_LEVEL = "-Onone";
			};
			name = Debug;
		};
		AF9B63C42BC6D931001209BA /* Release */ = {
			isa = XCBuildConfiguration;
			buildSettings = {
				ALWAYS_SEARCH_USER_PATHS = NO;
				ASSETCATALOG_COMPILER_GENERATE_SWIFT_ASSET_SYMBOL_EXTENSIONS = YES;
				CLANG_ANALYZER_NONNULL = YES;
				CLANG_ANALYZER_NUMBER_OBJECT_CONVERSION = YES_AGGRESSIVE;
				CLANG_CXX_LANGUAGE_STANDARD = "gnu++20";
				CLANG_ENABLE_MODULES = YES;
				CLANG_ENABLE_OBJC_ARC = YES;
				CLANG_ENABLE_OBJC_WEAK = YES;
				CLANG_WARN_BLOCK_CAPTURE_AUTORELEASING = YES;
				CLANG_WARN_BOOL_CONVERSION = YES;
				CLANG_WARN_COMMA = YES;
				CLANG_WARN_CONSTANT_CONVERSION = YES;
				CLANG_WARN_DEPRECATED_OBJC_IMPLEMENTATIONS = YES;
				CLANG_WARN_DIRECT_OBJC_ISA_USAGE = YES_ERROR;
				CLANG_WARN_DOCUMENTATION_COMMENTS = YES;
				CLANG_WARN_EMPTY_BODY = YES;
				CLANG_WARN_ENUM_CONVERSION = YES;
				CLANG_WARN_INFINITE_RECURSION = YES;
				CLANG_WARN_INT_CONVERSION = YES;
				CLANG_WARN_NON_LITERAL_NULL_CONVERSION = YES;
				CLANG_WARN_OBJC_IMPLICIT_RETAIN_SELF = YES;
				CLANG_WARN_OBJC_LITERAL_CONVERSION = YES;
				CLANG_WARN_OBJC_ROOT_CLASS = YES_ERROR;
				CLANG_WARN_QUOTED_INCLUDE_IN_FRAMEWORK_HEADER = YES;
				CLANG_WARN_RANGE_LOOP_ANALYSIS = YES;
				CLANG_WARN_STRICT_PROTOTYPES = YES;
				CLANG_WARN_SUSPICIOUS_MOVE = YES;
				CLANG_WARN_UNGUARDED_AVAILABILITY = YES_AGGRESSIVE;
				CLANG_WARN_UNREACHABLE_CODE = YES;
				CLANG_WARN__DUPLICATE_METHOD_MATCH = YES;
				COPY_PHASE_STRIP = NO;
				DEBUG_INFORMATION_FORMAT = "dwarf-with-dsym";
				ENABLE_NS_ASSERTIONS = NO;
				ENABLE_STRICT_OBJC_MSGSEND = YES;
				ENABLE_USER_SCRIPT_SANDBOXING = YES;
				GCC_C_LANGUAGE_STANDARD = gnu17;
				GCC_NO_COMMON_BLOCKS = YES;
				GCC_WARN_64_TO_32_BIT_CONVERSION = YES;
				GCC_WARN_ABOUT_RETURN_TYPE = YES_ERROR;
				GCC_WARN_UNDECLARED_SELECTOR = YES;
				GCC_WARN_UNINITIALIZED_AUTOS = YES_AGGRESSIVE;
				GCC_WARN_UNUSED_FUNCTION = YES;
				GCC_WARN_UNUSED_VARIABLE = YES;
				IPHONEOS_DEPLOYMENT_TARGET = 17.4;
				LOCALIZATION_PREFERS_STRING_CATALOGS = YES;
				MTL_ENABLE_DEBUG_INFO = NO;
				MTL_FAST_MATH = YES;
				SDKROOT = iphoneos;
				SWIFT_COMPILATION_MODE = wholemodule;
				VALIDATE_PRODUCT = YES;
			};
			name = Release;
		};
		AF9B63C62BC6D931001209BA /* Debug */ = {
			isa = XCBuildConfiguration;
			buildSettings = {
				ASSETCATALOG_COMPILER_APPICON_NAME = AppIcon;
				ASSETCATALOG_COMPILER_GLOBAL_ACCENT_COLOR_NAME = AccentColor;
				CODE_SIGN_STYLE = Automatic;
				CURRENT_PROJECT_VERSION = 1;
				DEVELOPMENT_ASSET_PATHS = "\"MessagingFB/Preview Content\"";
				DEVELOPMENT_TEAM = 6XA8FNR327;
				ENABLE_PREVIEWS = YES;
				GENERATE_INFOPLIST_FILE = YES;
				INFOPLIST_KEY_UIApplicationSceneManifest_Generation = YES;
				INFOPLIST_KEY_UIApplicationSupportsIndirectInputEvents = YES;
				INFOPLIST_KEY_UILaunchScreen_Generation = YES;
				INFOPLIST_KEY_UISupportedInterfaceOrientations_iPad = "UIInterfaceOrientationPortrait UIInterfaceOrientationPortraitUpsideDown UIInterfaceOrientationLandscapeLeft UIInterfaceOrientationLandscapeRight";
				INFOPLIST_KEY_UISupportedInterfaceOrientations_iPhone = "UIInterfaceOrientationPortrait UIInterfaceOrientationLandscapeLeft UIInterfaceOrientationLandscapeRight";
				LD_RUNPATH_SEARCH_PATHS = (
					"$(inherited)",
					"@executable_path/Frameworks",
				);
				MARKETING_VERSION = 1.0;
				PRODUCT_BUNDLE_IDENTIFIER = com.joaquimenezes.MessagingFB;
				PRODUCT_NAME = "$(TARGET_NAME)";
				SWIFT_EMIT_LOC_STRINGS = YES;
				SWIFT_VERSION = 5.0;
				TARGETED_DEVICE_FAMILY = "1,2";
			};
			name = Debug;
		};
		AF9B63C72BC6D931001209BA /* Release */ = {
			isa = XCBuildConfiguration;
			buildSettings = {
				ASSETCATALOG_COMPILER_APPICON_NAME = AppIcon;
				ASSETCATALOG_COMPILER_GLOBAL_ACCENT_COLOR_NAME = AccentColor;
				CODE_SIGN_STYLE = Automatic;
				CURRENT_PROJECT_VERSION = 1;
				DEVELOPMENT_ASSET_PATHS = "\"MessagingFB/Preview Content\"";
				DEVELOPMENT_TEAM = 6XA8FNR327;
				ENABLE_PREVIEWS = YES;
				GENERATE_INFOPLIST_FILE = YES;
				INFOPLIST_KEY_UIApplicationSceneManifest_Generation = YES;
				INFOPLIST_KEY_UIApplicationSupportsIndirectInputEvents = YES;
				INFOPLIST_KEY_UILaunchScreen_Generation = YES;
				INFOPLIST_KEY_UISupportedInterfaceOrientations_iPad = "UIInterfaceOrientationPortrait UIInterfaceOrientationPortraitUpsideDown UIInterfaceOrientationLandscapeLeft UIInterfaceOrientationLandscapeRight";
				INFOPLIST_KEY_UISupportedInterfaceOrientations_iPhone = "UIInterfaceOrientationPortrait UIInterfaceOrientationLandscapeLeft UIInterfaceOrientationLandscapeRight";
				LD_RUNPATH_SEARCH_PATHS = (
					"$(inherited)",
					"@executable_path/Frameworks",
				);
				MARKETING_VERSION = 1.0;
				PRODUCT_BUNDLE_IDENTIFIER = com.joaquimenezes.MessagingFB;
				PRODUCT_NAME = "$(TARGET_NAME)";
				SWIFT_EMIT_LOC_STRINGS = YES;
				SWIFT_VERSION = 5.0;
				TARGETED_DEVICE_FAMILY = "1,2";
			};
			name = Release;
		};
/* End XCBuildConfiguration section */

/* Begin XCConfigurationList section */
		AF9B63B22BC6D92F001209BA /* Build configuration list for PBXProject "MessagingFB" */ = {
			isa = XCConfigurationList;
			buildConfigurations = (
				AF9B63C32BC6D931001209BA /* Debug */,
				AF9B63C42BC6D931001209BA /* Release */,
			);
			defaultConfigurationIsVisible = 0;
			defaultConfigurationName = Release;
		};
		AF9B63C52BC6D931001209BA /* Build configuration list for PBXNativeTarget "MessagingFB" */ = {
			isa = XCConfigurationList;
			buildConfigurations = (
				AF9B63C62BC6D931001209BA /* Debug */,
				AF9B63C72BC6D931001209BA /* Release */,
			);
			defaultConfigurationIsVisible = 0;
			defaultConfigurationName = Release;
		};
/* End XCConfigurationList section */

/* Begin XCRemoteSwiftPackageReference section */
		AF9B63CA2BC6DC8C001209BA /* XCRemoteSwiftPackageReference "firebase-ios-sdk" */ = {
			isa = XCRemoteSwiftPackageReference;
			repositoryURL = "https://github.com/firebase/firebase-ios-sdk";
			requirement = {
				kind = upToNextMajorVersion;
				minimumVersion = 10.24.0;
			};
		};
		AF9B63DA2BC6FDE9001209BA /* XCRemoteSwiftPackageReference "SDWebImageSwiftUI" */ = {
			isa = XCRemoteSwiftPackageReference;
			repositoryURL = "https://github.com/SDWebImage/SDWebImageSwiftUI.git";
			requirement = {
				kind = upToNextMajorVersion;
				minimumVersion = 3.0.2;
			};
		};
/* End XCRemoteSwiftPackageReference section */

/* Begin XCSwiftPackageProductDependency section */
		AF9B63CB2BC6DC8C001209BA /* FirebaseAuth */ = {
			isa = XCSwiftPackageProductDependency;
			package = AF9B63CA2BC6DC8C001209BA /* XCRemoteSwiftPackageReference "firebase-ios-sdk" */;
			productName = FirebaseAuth;
		};
		AF9B63CD2BC6DC8C001209BA /* FirebaseFirestore */ = {
			isa = XCSwiftPackageProductDependency;
			package = AF9B63CA2BC6DC8C001209BA /* XCRemoteSwiftPackageReference "firebase-ios-sdk" */;
			productName = FirebaseFirestore;
		};
		AF9B63CF2BC6DC8C001209BA /* FirebaseStorage */ = {
			isa = XCSwiftPackageProductDependency;
			package = AF9B63CA2BC6DC8C001209BA /* XCRemoteSwiftPackageReference "firebase-ios-sdk" */;
			productName = FirebaseStorage;
		};
		AF9B63DB2BC6FDE9001209BA /* SDWebImageSwiftUI */ = {
			isa = XCSwiftPackageProductDependency;
			package = AF9B63DA2BC6FDE9001209BA /* XCRemoteSwiftPackageReference "SDWebImageSwiftUI" */;
			productName = SDWebImageSwiftUI;
		};
/* End XCSwiftPackageProductDependency section */
	};
	rootObject = AF9B63AF2BC6D92F001209BA /* Project object */;
}
